Microsoft Visual Studio Solution File, Format Version 12.00
# Visual Studio Version 17
VisualStudioVersion = 17.5.33516.290
MinimumVisualStudioVersion = 10.0.40219.1
Project("{9A19103F-16F7-4668-BE54-9A1E7A4F7556}") = "TestApp", "TestApp\TestApp.csproj", "{BFCE7C3D-D998-4153-9E4A-08601E227EFD}"
EndProject
Project("{9A19103F-16F7-4668-BE54-9A1E7A4F7556}") = "AspNetForPowerShell", "AspNetForPowerShell\AspNetForPowerShell.csproj", "{C8072F74-D013-4096-928E-CF1F3A950ACF}"
EndProject
Project("{9A19103F-16F7-4668-BE54-9A1E7A4F7556}") = "TestEol", "TestEol\TestEol.csproj", "{2A01FE75-6348-42A6-8A5A-611DDDCD859F}"
	ProjectSection(ProjectDependencies) = postProject
		{33E4F328-3C4D-4322-8248-0C58D0D06DBA} = {33E4F328-3C4D-4322-8248-0C58D0D06DBA}
	EndProjectSection
EndProject
Project("{9A19103F-16F7-4668-BE54-9A1E7A4F7556}") = "UnitTests", "UnitTests\UnitTests.csproj", "{80287E39-0F40-42DB-82F3-17DE850EC366}"
EndProject
Project("{9A19103F-16F7-4668-BE54-9A1E7A4F7556}") = "PowerShellDelegate", "PowerShellDelegate\PowerShellDelegate.csproj", "{DB86CA41-EF9F-4536-9A7A-11B538B08D51}"
EndProject
Project("{9A19103F-16F7-4668-BE54-9A1E7A4F7556}") = "TestPs1", "TestPs1\TestPs1.csproj", "{0028639E-1C3A-4148-A1C0-99E3A8EB87B3}"
EndProject
Project("{9A19103F-16F7-4668-BE54-9A1E7A4F7556}") = "TestApi", "TestApi\TestApi.csproj", "{FE1EE063-F67D-414E-B4D3-EB9B29B5B59F}"
EndProject
Project("{9A19103F-16F7-4668-BE54-9A1E7A4F7556}") = "Extensions", "Extensions\Extensions.csproj", "{33E4F328-3C4D-4322-8248-0C58D0D06DBA}"
	ProjectSection(ProjectDependencies) = postProject
		{C8072F74-D013-4096-928E-CF1F3A950ACF} = {C8072F74-D013-4096-928E-CF1F3A950ACF}
	EndProjectSection
EndProject
Project("{9A19103F-16F7-4668-BE54-9A1E7A4F7556}") = "TestCgi", "TestCgi\TestCgi.csproj", "{5961ADDE-FC91-4BD6-A0EE-35E750776E89}"
EndProject
Project("{9A19103F-16F7-4668-BE54-9A1E7A4F7556}") = "PSCmdlet", "PSCmdlet\PSCmdlet.csproj", "{8FF041DE-8458-47D7-87C5-8FFB5CAAB6C1}"
EndProject
Global
	GlobalSection(SolutionConfigurationPlatforms) = preSolution
		Debug|Any CPU = Debug|Any CPU
		Debug|ARM32 = Debug|ARM32
		Debug|ARM64 = Debug|ARM64
		Debug|x64 = Debug|x64
		Debug|x86 = Debug|x86
		Release|Any CPU = Release|Any CPU
		Release|ARM32 = Release|ARM32
		Release|ARM64 = Release|ARM64
		Release|x64 = Release|x64
		Release|x86 = Release|x86
	EndGlobalSection
	GlobalSection(ProjectConfigurationPlatforms) = postSolution
		{BFCE7C3D-D998-4153-9E4A-08601E227EFD}.Debug|Any CPU.ActiveCfg = Debug|Any CPU
		{BFCE7C3D-D998-4153-9E4A-08601E227EFD}.Debug|Any CPU.Build.0 = Debug|Any CPU
		{BFCE7C3D-D998-4153-9E4A-08601E227EFD}.Debug|ARM32.ActiveCfg = Debug|Any CPU
		{BFCE7C3D-D998-4153-9E4A-08601E227EFD}.Debug|ARM32.Build.0 = Debug|Any CPU
		{BFCE7C3D-D998-4153-9E4A-08601E227EFD}.Debug|ARM64.ActiveCfg = Debug|Any CPU
		{BFCE7C3D-D998-4153-9E4A-08601E227EFD}.Debug|ARM64.Build.0 = Debug|Any CPU
		{BFCE7C3D-D998-4153-9E4A-08601E227EFD}.Debug|x64.ActiveCfg = Debug|Any CPU
		{BFCE7C3D-D998-4153-9E4A-08601E227EFD}.Debug|x64.Build.0 = Debug|Any CPU
		{BFCE7C3D-D998-4153-9E4A-08601E227EFD}.Debug|x86.ActiveCfg = Debug|Any CPU
		{BFCE7C3D-D998-4153-9E4A-08601E227EFD}.Debug|x86.Build.0 = Debug|Any CPU
		{BFCE7C3D-D998-4153-9E4A-08601E227EFD}.Release|Any CPU.ActiveCfg = Release|Any CPU
		{BFCE7C3D-D998-4153-9E4A-08601E227EFD}.Release|Any CPU.Build.0 = Release|Any CPU
		{BFCE7C3D-D998-4153-9E4A-08601E227EFD}.Release|ARM32.ActiveCfg = Release|Any CPU
		{BFCE7C3D-D998-4153-9E4A-08601E227EFD}.Release|ARM32.Build.0 = Release|Any CPU
		{BFCE7C3D-D998-4153-9E4A-08601E227EFD}.Release|ARM64.ActiveCfg = Release|Any CPU
		{BFCE7C3D-D998-4153-9E4A-08601E227EFD}.Release|ARM64.Build.0 = Release|Any CPU
		{BFCE7C3D-D998-4153-9E4A-08601E227EFD}.Release|x64.ActiveCfg = Release|Any CPU
		{BFCE7C3D-D998-4153-9E4A-08601E227EFD}.Release|x64.Build.0 = Release|Any CPU
		{BFCE7C3D-D998-4153-9E4A-08601E227EFD}.Release|x86.ActiveCfg = Release|Any CPU
		{BFCE7C3D-D998-4153-9E4A-08601E227EFD}.Release|x86.Build.0 = Release|Any CPU
		{C8072F74-D013-4096-928E-CF1F3A950ACF}.Debug|Any CPU.ActiveCfg = Debug|Any CPU
		{C8072F74-D013-4096-928E-CF1F3A950ACF}.Debug|Any CPU.Build.0 = Debug|Any CPU
		{C8072F74-D013-4096-928E-CF1F3A950ACF}.Debug|ARM32.ActiveCfg = Debug|ARM32
		{C8072F74-D013-4096-928E-CF1F3A950ACF}.Debug|ARM32.Build.0 = Debug|ARM32
		{C8072F74-D013-4096-928E-CF1F3A950ACF}.Debug|ARM64.ActiveCfg = Debug|ARM64
		{C8072F74-D013-4096-928E-CF1F3A950ACF}.Debug|ARM64.Build.0 = Debug|ARM64
		{C8072F74-D013-4096-928E-CF1F3A950ACF}.Debug|x64.ActiveCfg = Debug|x64
		{C8072F74-D013-4096-928E-CF1F3A950ACF}.Debug|x64.Build.0 = Debug|x64
		{C8072F74-D013-4096-928E-CF1F3A950ACF}.Debug|x86.ActiveCfg = Debug|x86
		{C8072F74-D013-4096-928E-CF1F3A950ACF}.Debug|x86.Build.0 = Debug|x86
		{C8072F74-D013-4096-928E-CF1F3A950ACF}.Release|Any CPU.ActiveCfg = Release|Any CPU
		{C8072F74-D013-4096-928E-CF1F3A950ACF}.Release|Any CPU.Build.0 = Release|Any CPU
		{C8072F74-D013-4096-928E-CF1F3A950ACF}.Release|ARM32.ActiveCfg = Release|ARM32
		{C8072F74-D013-4096-928E-CF1F3A950ACF}.Release|ARM32.Build.0 = Release|ARM32
		{C8072F74-D013-4096-928E-CF1F3A950ACF}.Release|ARM64.ActiveCfg = Release|ARM64
		{C8072F74-D013-4096-928E-CF1F3A950ACF}.Release|ARM64.Build.0 = Release|ARM64
		{C8072F74-D013-4096-928E-CF1F3A950ACF}.Release|x64.ActiveCfg = Release|x64
		{C8072F74-D013-4096-928E-CF1F3A950ACF}.Release|x64.Build.0 = Release|x64
		{C8072F74-D013-4096-928E-CF1F3A950ACF}.Release|x86.ActiveCfg = Release|x86
		{C8072F74-D013-4096-928E-CF1F3A950ACF}.Release|x86.Build.0 = Release|x86
		{2A01FE75-6348-42A6-8A5A-611DDDCD859F}.Debug|Any CPU.ActiveCfg = Debug|Any CPU
		{2A01FE75-6348-42A6-8A5A-611DDDCD859F}.Debug|Any CPU.Build.0 = Debug|Any CPU
		{2A01FE75-6348-42A6-8A5A-611DDDCD859F}.Debug|ARM32.ActiveCfg = Debug|Any CPU
		{2A01FE75-6348-42A6-8A5A-611DDDCD859F}.Debug|ARM32.Build.0 = Debug|Any CPU
		{2A01FE75-6348-42A6-8A5A-611DDDCD859F}.Debug|ARM64.ActiveCfg = Debug|Any CPU
		{2A01FE75-6348-42A6-8A5A-611DDDCD859F}.Debug|ARM64.Build.0 = Debug|Any CPU
		{2A01FE75-6348-42A6-8A5A-611DDDCD859F}.Debug|x64.ActiveCfg = Debug|Any CPU
		{2A01FE75-6348-42A6-8A5A-611DDDCD859F}.Debug|x64.Build.0 = Debug|Any CPU
		{2A01FE75-6348-42A6-8A5A-611DDDCD859F}.Debug|x86.ActiveCfg = Debug|Any CPU
		{2A01FE75-6348-42A6-8A5A-611DDDCD859F}.Debug|x86.Build.0 = Debug|Any CPU
		{2A01FE75-6348-42A6-8A5A-611DDDCD859F}.Release|Any CPU.ActiveCfg = Release|Any CPU
		{2A01FE75-6348-42A6-8A5A-611DDDCD859F}.Release|Any CPU.Build.0 = Release|Any CPU
		{2A01FE75-6348-42A6-8A5A-611DDDCD859F}.Release|ARM32.ActiveCfg = Release|Any CPU
		{2A01FE75-6348-42A6-8A5A-611DDDCD859F}.Release|ARM32.Build.0 = Release|Any CPU
		{2A01FE75-6348-42A6-8A5A-611DDDCD859F}.Release|ARM64.ActiveCfg = Release|Any CPU
		{2A01FE75-6348-42A6-8A5A-611DDDCD859F}.Release|ARM64.Build.0 = Release|Any CPU
		{2A01FE75-6348-42A6-8A5A-611DDDCD859F}.Release|x64.ActiveCfg = Release|Any CPU
		{2A01FE75-6348-42A6-8A5A-611DDDCD859F}.Release|x64.Build.0 = Release|Any CPU
		{2A01FE75-6348-42A6-8A5A-611DDDCD859F}.Release|x86.ActiveCfg = Release|Any CPU
		{2A01FE75-6348-42A6-8A5A-611DDDCD859F}.Release|x86.Build.0 = Release|Any CPU
		{80287E39-0F40-42DB-82F3-17DE850EC366}.Debug|Any CPU.ActiveCfg = Debug|Any CPU
		{80287E39-0F40-42DB-82F3-17DE850EC366}.Debug|Any CPU.Build.0 = Debug|Any CPU
		{80287E39-0F40-42DB-82F3-17DE850EC366}.Debug|ARM32.ActiveCfg = Debug|Any CPU
		{80287E39-0F40-42DB-82F3-17DE850EC366}.Debug|ARM32.Build.0 = Debug|Any CPU
		{80287E39-0F40-42DB-82F3-17DE850EC366}.Debug|ARM64.ActiveCfg = Debug|Any CPU
		{80287E39-0F40-42DB-82F3-17DE850EC366}.Debug|ARM64.Build.0 = Debug|Any CPU
		{80287E39-0F40-42DB-82F3-17DE850EC366}.Debug|x64.ActiveCfg = Debug|Any CPU
		{80287E39-0F40-42DB-82F3-17DE850EC366}.Debug|x64.Build.0 = Debug|Any CPU
		{80287E39-0F40-42DB-82F3-17DE850EC366}.Debug|x86.ActiveCfg = Debug|Any CPU
		{80287E39-0F40-42DB-82F3-17DE850EC366}.Debug|x86.Build.0 = Debug|Any CPU
		{80287E39-0F40-42DB-82F3-17DE850EC366}.Release|Any CPU.ActiveCfg = Release|Any CPU
		{80287E39-0F40-42DB-82F3-17DE850EC366}.Release|Any CPU.Build.0 = Release|Any CPU
		{80287E39-0F40-42DB-82F3-17DE850EC366}.Release|ARM32.ActiveCfg = Release|Any CPU
		{80287E39-0F40-42DB-82F3-17DE850EC366}.Release|ARM32.Build.0 = Release|Any CPU
		{80287E39-0F40-42DB-82F3-17DE850EC366}.Release|ARM64.ActiveCfg = Release|Any CPU
		{80287E39-0F40-42DB-82F3-17DE850EC366}.Release|ARM64.Build.0 = Release|Any CPU
		{80287E39-0F40-42DB-82F3-17DE850EC366}.Release|x64.ActiveCfg = Release|Any CPU
		{80287E39-0F40-42DB-82F3-17DE850EC366}.Release|x64.Build.0 = Release|Any CPU
		{80287E39-0F40-42DB-82F3-17DE850EC366}.Release|x86.ActiveCfg = Release|Any CPU
		{80287E39-0F40-42DB-82F3-17DE850EC366}.Release|x86.Build.0 = Release|Any CPU
		{DB86CA41-EF9F-4536-9A7A-11B538B08D51}.Debug|Any CPU.ActiveCfg = Debug|Any CPU
		{DB86CA41-EF9F-4536-9A7A-11B538B08D51}.Debug|Any CPU.Build.0 = Debug|Any CPU
		{DB86CA41-EF9F-4536-9A7A-11B538B08D51}.Debug|ARM32.ActiveCfg = Debug|ARM32
		{DB86CA41-EF9F-4536-9A7A-11B538B08D51}.Debug|ARM32.Build.0 = Debug|ARM32
		{DB86CA41-EF9F-4536-9A7A-11B538B08D51}.Debug|ARM64.ActiveCfg = Debug|ARM64
		{DB86CA41-EF9F-4536-9A7A-11B538B08D51}.Debug|ARM64.Build.0 = Debug|ARM64
		{DB86CA41-EF9F-4536-9A7A-11B538B08D51}.Debug|x64.ActiveCfg = Debug|x64
		{DB86CA41-EF9F-4536-9A7A-11B538B08D51}.Debug|x64.Build.0 = Debug|x64
		{DB86CA41-EF9F-4536-9A7A-11B538B08D51}.Debug|x86.ActiveCfg = Debug|x86
		{DB86CA41-EF9F-4536-9A7A-11B538B08D51}.Debug|x86.Build.0 = Debug|x86
		{DB86CA41-EF9F-4536-9A7A-11B538B08D51}.Release|Any CPU.ActiveCfg = Release|Any CPU
		{DB86CA41-EF9F-4536-9A7A-11B538B08D51}.Release|Any CPU.Build.0 = Release|Any CPU
		{DB86CA41-EF9F-4536-9A7A-11B538B08D51}.Release|ARM32.ActiveCfg = Release|ARM32
		{DB86CA41-EF9F-4536-9A7A-11B538B08D51}.Release|ARM32.Build.0 = Release|ARM32
		{DB86CA41-EF9F-4536-9A7A-11B538B08D51}.Release|ARM64.ActiveCfg = Release|ARM64
		{DB86CA41-EF9F-4536-9A7A-11B538B08D51}.Release|ARM64.Build.0 = Release|ARM64
		{DB86CA41-EF9F-4536-9A7A-11B538B08D51}.Release|x64.ActiveCfg = Release|x64
		{DB86CA41-EF9F-4536-9A7A-11B538B08D51}.Release|x64.Build.0 = Release|x64
		{DB86CA41-EF9F-4536-9A7A-11B538B08D51}.Release|x86.ActiveCfg = Release|x86
		{DB86CA41-EF9F-4536-9A7A-11B538B08D51}.Release|x86.Build.0 = Release|x86
		{0028639E-1C3A-4148-A1C0-99E3A8EB87B3}.Debug|Any CPU.ActiveCfg = Debug|Any CPU
		{0028639E-1C3A-4148-A1C0-99E3A8EB87B3}.Debug|Any CPU.Build.0 = Debug|Any CPU
		{0028639E-1C3A-4148-A1C0-99E3A8EB87B3}.Debug|ARM32.ActiveCfg = Debug|Any CPU
		{0028639E-1C3A-4148-A1C0-99E3A8EB87B3}.Debug|ARM32.Build.0 = Debug|Any CPU
		{0028639E-1C3A-4148-A1C0-99E3A8EB87B3}.Debug|ARM64.ActiveCfg = Debug|Any CPU
		{0028639E-1C3A-4148-A1C0-99E3A8EB87B3}.Debug|ARM64.Build.0 = Debug|Any CPU
		{0028639E-1C3A-4148-A1C0-99E3A8EB87B3}.Debug|x64.ActiveCfg = Debug|Any CPU
		{0028639E-1C3A-4148-A1C0-99E3A8EB87B3}.Debug|x64.Build.0 = Debug|Any CPU
		{0028639E-1C3A-4148-A1C0-99E3A8EB87B3}.Debug|x86.ActiveCfg = Debug|Any CPU
		{0028639E-1C3A-4148-A1C0-99E3A8EB87B3}.Debug|x86.Build.0 = Debug|Any CPU
		{0028639E-1C3A-4148-A1C0-99E3A8EB87B3}.Release|Any CPU.ActiveCfg = Release|Any CPU
		{0028639E-1C3A-4148-A1C0-99E3A8EB87B3}.Release|Any CPU.Build.0 = Release|Any CPU
		{0028639E-1C3A-4148-A1C0-99E3A8EB87B3}.Release|ARM32.ActiveCfg = Release|Any CPU
		{0028639E-1C3A-4148-A1C0-99E3A8EB87B3}.Release|ARM32.Build.0 = Release|Any CPU
		{0028639E-1C3A-4148-A1C0-99E3A8EB87B3}.Release|ARM64.ActiveCfg = Release|Any CPU
		{0028639E-1C3A-4148-A1C0-99E3A8EB87B3}.Release|ARM64.Build.0 = Release|Any CPU
		{0028639E-1C3A-4148-A1C0-99E3A8EB87B3}.Release|x64.ActiveCfg = Release|Any CPU
		{0028639E-1C3A-4148-A1C0-99E3A8EB87B3}.Release|x64.Build.0 = Release|Any CPU
		{0028639E-1C3A-4148-A1C0-99E3A8EB87B3}.Release|x86.ActiveCfg = Release|Any CPU
		{0028639E-1C3A-4148-A1C0-99E3A8EB87B3}.Release|x86.Build.0 = Release|Any CPU
		{FE1EE063-F67D-414E-B4D3-EB9B29B5B59F}.Debug|Any CPU.ActiveCfg = Debug|Any CPU
		{FE1EE063-F67D-414E-B4D3-EB9B29B5B59F}.Debug|Any CPU.Build.0 = Debug|Any CPU
		{FE1EE063-F67D-414E-B4D3-EB9B29B5B59F}.Debug|ARM32.ActiveCfg = Debug|Any CPU
		{FE1EE063-F67D-414E-B4D3-EB9B29B5B59F}.Debug|ARM32.Build.0 = Debug|Any CPU
		{FE1EE063-F67D-414E-B4D3-EB9B29B5B59F}.Debug|ARM64.ActiveCfg = Debug|Any CPU
		{FE1EE063-F67D-414E-B4D3-EB9B29B5B59F}.Debug|ARM64.Build.0 = Debug|Any CPU
		{FE1EE063-F67D-414E-B4D3-EB9B29B5B59F}.Debug|x64.ActiveCfg = Debug|Any CPU
		{FE1EE063-F67D-414E-B4D3-EB9B29B5B59F}.Debug|x64.Build.0 = Debug|Any CPU
		{FE1EE063-F67D-414E-B4D3-EB9B29B5B59F}.Debug|x86.ActiveCfg = Debug|Any CPU
		{FE1EE063-F67D-414E-B4D3-EB9B29B5B59F}.Debug|x86.Build.0 = Debug|Any CPU
		{FE1EE063-F67D-414E-B4D3-EB9B29B5B59F}.Release|Any CPU.ActiveCfg = Release|Any CPU
		{FE1EE063-F67D-414E-B4D3-EB9B29B5B59F}.Release|Any CPU.Build.0 = Release|Any CPU
		{FE1EE063-F67D-414E-B4D3-EB9B29B5B59F}.Release|ARM32.ActiveCfg = Release|Any CPU
		{FE1EE063-F67D-414E-B4D3-EB9B29B5B59F}.Release|ARM32.Build.0 = Release|Any CPU
		{FE1EE063-F67D-414E-B4D3-EB9B29B5B59F}.Release|ARM64.ActiveCfg = Release|Any CPU
		{FE1EE063-F67D-414E-B4D3-EB9B29B5B59F}.Release|ARM64.Build.0 = Release|Any CPU
		{FE1EE063-F67D-414E-B4D3-EB9B29B5B59F}.Release|x64.ActiveCfg = Release|Any CPU
		{FE1EE063-F67D-414E-B4D3-EB9B29B5B59F}.Release|x64.Build.0 = Release|Any CPU
		{FE1EE063-F67D-414E-B4D3-EB9B29B5B59F}.Release|x86.ActiveCfg = Release|Any CPU
		{FE1EE063-F67D-414E-B4D3-EB9B29B5B59F}.Release|x86.Build.0 = Release|Any CPU
		{33E4F328-3C4D-4322-8248-0C58D0D06DBA}.Debug|Any CPU.ActiveCfg = Debug|Any CPU
		{33E4F328-3C4D-4322-8248-0C58D0D06DBA}.Debug|Any CPU.Build.0 = Debug|Any CPU
		{33E4F328-3C4D-4322-8248-0C58D0D06DBA}.Debug|ARM32.ActiveCfg = Debug|Any CPU
		{33E4F328-3C4D-4322-8248-0C58D0D06DBA}.Debug|ARM32.Build.0 = Debug|Any CPU
		{33E4F328-3C4D-4322-8248-0C58D0D06DBA}.Debug|ARM64.ActiveCfg = Debug|Any CPU
		{33E4F328-3C4D-4322-8248-0C58D0D06DBA}.Debug|ARM64.Build.0 = Debug|Any CPU
		{33E4F328-3C4D-4322-8248-0C58D0D06DBA}.Debug|x64.ActiveCfg = Debug|Any CPU
		{33E4F328-3C4D-4322-8248-0C58D0D06DBA}.Debug|x64.Build.0 = Debug|Any CPU
		{33E4F328-3C4D-4322-8248-0C58D0D06DBA}.Debug|x86.ActiveCfg = Debug|Any CPU
		{33E4F328-3C4D-4322-8248-0C58D0D06DBA}.Debug|x86.Build.0 = Debug|Any CPU
		{33E4F328-3C4D-4322-8248-0C58D0D06DBA}.Release|Any CPU.ActiveCfg = Release|Any CPU
		{33E4F328-3C4D-4322-8248-0C58D0D06DBA}.Release|Any CPU.Build.0 = Release|Any CPU
		{33E4F328-3C4D-4322-8248-0C58D0D06DBA}.Release|ARM32.ActiveCfg = Release|Any CPU
		{33E4F328-3C4D-4322-8248-0C58D0D06DBA}.Release|ARM32.Build.0 = Release|Any CPU
		{33E4F328-3C4D-4322-8248-0C58D0D06DBA}.Release|ARM64.ActiveCfg = Release|Any CPU
		{33E4F328-3C4D-4322-8248-0C58D0D06DBA}.Release|ARM64.Build.0 = Release|Any CPU
		{33E4F328-3C4D-4322-8248-0C58D0D06DBA}.Release|x64.ActiveCfg = Release|Any CPU
		{33E4F328-3C4D-4322-8248-0C58D0D06DBA}.Release|x64.Build.0 = Release|Any CPU
		{33E4F328-3C4D-4322-8248-0C58D0D06DBA}.Release|x86.ActiveCfg = Release|Any CPU
		{33E4F328-3C4D-4322-8248-0C58D0D06DBA}.Release|x86.Build.0 = Release|Any CPU
		{5961ADDE-FC91-4BD6-A0EE-35E750776E89}.Debug|Any CPU.ActiveCfg = Debug|Any CPU
		{5961ADDE-FC91-4BD6-A0EE-35E750776E89}.Debug|Any CPU.Build.0 = Debug|Any CPU
		{5961ADDE-FC91-4BD6-A0EE-35E750776E89}.Debug|ARM32.ActiveCfg = Debug|Any CPU
		{5961ADDE-FC91-4BD6-A0EE-35E750776E89}.Debug|ARM32.Build.0 = Debug|Any CPU
		{5961ADDE-FC91-4BD6-A0EE-35E750776E89}.Debug|ARM64.ActiveCfg = Debug|Any CPU
		{5961ADDE-FC91-4BD6-A0EE-35E750776E89}.Debug|ARM64.Build.0 = Debug|Any CPU
		{5961ADDE-FC91-4BD6-A0EE-35E750776E89}.Debug|x64.ActiveCfg = Debug|Any CPU
		{5961ADDE-FC91-4BD6-A0EE-35E750776E89}.Debug|x64.Build.0 = Debug|Any CPU
		{5961ADDE-FC91-4BD6-A0EE-35E750776E89}.Debug|x86.ActiveCfg = Debug|Any CPU
		{5961ADDE-FC91-4BD6-A0EE-35E750776E89}.Debug|x86.Build.0 = Debug|Any CPU
		{5961ADDE-FC91-4BD6-A0EE-35E750776E89}.Release|Any CPU.ActiveCfg = Release|Any CPU
		{5961ADDE-FC91-4BD6-A0EE-35E750776E89}.Release|Any CPU.Build.0 = Release|Any CPU
		{5961ADDE-FC91-4BD6-A0EE-35E750776E89}.Release|ARM32.ActiveCfg = Release|Any CPU
		{5961ADDE-FC91-4BD6-A0EE-35E750776E89}.Release|ARM32.Build.0 = Release|Any CPU
		{5961ADDE-FC91-4BD6-A0EE-35E750776E89}.Release|ARM64.ActiveCfg = Release|Any CPU
		{5961ADDE-FC91-4BD6-A0EE-35E750776E89}.Release|ARM64.Build.0 = Release|Any CPU
		{5961ADDE-FC91-4BD6-A0EE-35E750776E89}.Release|x64.ActiveCfg = Release|Any CPU
		{5961ADDE-FC91-4BD6-A0EE-35E750776E89}.Release|x64.Build.0 = Release|Any CPU
		{5961ADDE-FC91-4BD6-A0EE-35E750776E89}.Release|x86.ActiveCfg = Release|Any CPU
		{5961ADDE-FC91-4BD6-A0EE-35E750776E89}.Release|x86.Build.0 = Release|Any CPU
		{8FF041DE-8458-47D7-87C5-8FFB5CAAB6C1}.Debug|Any CPU.ActiveCfg = Debug|Any CPU
		{8FF041DE-8458-47D7-87C5-8FFB5CAAB6C1}.Debug|Any CPU.Build.0 = Debug|Any CPU
		{8FF041DE-8458-47D7-87C5-8FFB5CAAB6C1}.Debug|ARM32.ActiveCfg = Debug|ARM32
		{8FF041DE-8458-47D7-87C5-8FFB5CAAB6C1}.Debug|ARM32.Build.0 = Debug|ARM32
		{8FF041DE-8458-47D7-87C5-8FFB5CAAB6C1}.Debug|ARM64.ActiveCfg = Debug|ARM64
		{8FF041DE-8458-47D7-87C5-8FFB5CAAB6C1}.Debug|ARM64.Build.0 = Debug|ARM64
		{8FF041DE-8458-47D7-87C5-8FFB5CAAB6C1}.Debug|x64.ActiveCfg = Debug|x64
		{8FF041DE-8458-47D7-87C5-8FFB5CAAB6C1}.Debug|x64.Build.0 = Debug|x64
		{8FF041DE-8458-47D7-87C5-8FFB5CAAB6C1}.Debug|x86.ActiveCfg = Debug|x86
		{8FF041DE-8458-47D7-87C5-8FFB5CAAB6C1}.Debug|x86.Build.0 = Debug|x86
		{8FF041DE-8458-47D7-87C5-8FFB5CAAB6C1}.Release|Any CPU.ActiveCfg = Release|Any CPU
		{8FF041DE-8458-47D7-87C5-8FFB5CAAB6C1}.Release|Any CPU.Build.0 = Release|Any CPU
		{8FF041DE-8458-47D7-87C5-8FFB5CAAB6C1}.Release|ARM32.ActiveCfg = Release|ARM32
		{8FF041DE-8458-47D7-87C5-8FFB5CAAB6C1}.Release|ARM32.Build.0 = Release|ARM32
		{8FF041DE-8458-47D7-87C5-8FFB5CAAB6C1}.Release|ARM64.ActiveCfg = Release|ARM64
		{8FF041DE-8458-47D7-87C5-8FFB5CAAB6C1}.Release|ARM64.Build.0 = Release|ARM64
		{8FF041DE-8458-47D7-87C5-8FFB5CAAB6C1}.Release|x64.ActiveCfg = Release|x64
		{8FF041DE-8458-47D7-87C5-8FFB5CAAB6C1}.Release|x64.Build.0 = Release|x64
		{8FF041DE-8458-47D7-87C5-8FFB5CAAB6C1}.Release|x86.ActiveCfg = Release|x86
		{8FF041DE-8458-47D7-87C5-8FFB5CAAB6C1}.Release|x86.Build.0 = Release|x86
	EndGlobalSection
	GlobalSection(SolutionProperties) = preSolution
		HideSolutionNode = FALSE
	EndGlobalSection
	GlobalSection(ExtensibilityGlobals) = postSolution
		SolutionGuid = {BFBE3553-8ACB-4006-85DF-71E1DFE0DDE6}
	EndGlobalSection
EndGlobal
