Microsoft Visual Studio Solution File, Format Version 12.00
# Visual Studio Version 17
VisualStudioVersion = 17.5.33516.290
MinimumVisualStudioVersion = 10.0.40219.1
Project("{9A19103F-16F7-4668-BE54-9A1E7A4F7556}") = "TestApp", "TestApp\TestApp.csproj", "{BFCE7C3D-D998-4153-9E4A-08601E227EFD}"
EndProject
Project("{9A19103F-16F7-4668-BE54-9A1E7A4F7556}") = "AspNetForPowerShell", "AspNetForPowerShell\AspNetForPowerShell.csproj", "{C8072F74-D013-4096-928E-CF1F3A950ACF}"
EndProject
Project("{9A19103F-16F7-4668-BE54-9A1E7A4F7556}") = "TestEol", "TestEol\TestEol.csproj", "{2A01FE75-6348-42A6-8A5A-611DDDCD859F}"
EndProject
Project("{FAE04EC0-301F-11D3-BF4B-00C04F79EFBC}") = "UnitTests", "UnitTests\UnitTests.csproj", "{80287E39-0F40-42DB-82F3-17DE850EC366}"
EndProject
Global
	GlobalSection(SolutionConfigurationPlatforms) = preSolution
		Debug|Any CPU = Debug|Any CPU
		Release|Any CPU = Release|Any CPU
	EndGlobalSection
	GlobalSection(ProjectConfigurationPlatforms) = postSolution
		{BFCE7C3D-D998-4153-9E4A-08601E227EFD}.Debug|Any CPU.ActiveCfg = Debug|Any CPU
		{BFCE7C3D-D998-4153-9E4A-08601E227EFD}.Debug|Any CPU.Build.0 = Debug|Any CPU
		{BFCE7C3D-D998-4153-9E4A-08601E227EFD}.Release|Any CPU.ActiveCfg = Release|Any CPU
		{BFCE7C3D-D998-4153-9E4A-08601E227EFD}.Release|Any CPU.Build.0 = Release|Any CPU
		{C8072F74-D013-4096-928E-CF1F3A950ACF}.Debug|Any CPU.ActiveCfg = Debug|Any CPU
		{C8072F74-D013-4096-928E-CF1F3A950ACF}.Debug|Any CPU.Build.0 = Debug|Any CPU
		{C8072F74-D013-4096-928E-CF1F3A950ACF}.Release|Any CPU.ActiveCfg = Release|Any CPU
		{C8072F74-D013-4096-928E-CF1F3A950ACF}.Release|Any CPU.Build.0 = Release|Any CPU
		{2A01FE75-6348-42A6-8A5A-611DDDCD859F}.Debug|Any CPU.ActiveCfg = Debug|Any CPU
		{2A01FE75-6348-42A6-8A5A-611DDDCD859F}.Debug|Any CPU.Build.0 = Debug|Any CPU
		{2A01FE75-6348-42A6-8A5A-611DDDCD859F}.Release|Any CPU.ActiveCfg = Release|Any CPU
		{2A01FE75-6348-42A6-8A5A-611DDDCD859F}.Release|Any CPU.Build.0 = Release|Any CPU
		{80287E39-0F40-42DB-82F3-17DE850EC366}.Debug|Any CPU.ActiveCfg = Debug|Any CPU
		{80287E39-0F40-42DB-82F3-17DE850EC366}.Debug|Any CPU.Build.0 = Debug|Any CPU
		{80287E39-0F40-42DB-82F3-17DE850EC366}.Release|Any CPU.ActiveCfg = Release|Any CPU
		{80287E39-0F40-42DB-82F3-17DE850EC366}.Release|Any CPU.Build.0 = Release|Any CPU
	EndGlobalSection
	GlobalSection(SolutionProperties) = preSolution
		HideSolutionNode = FALSE
	EndGlobalSection
	GlobalSection(ExtensibilityGlobals) = postSolution
		SolutionGuid = {BFBE3553-8ACB-4006-85DF-71E1DFE0DDE6}
	EndGlobalSection
EndGlobal
